
Microsoft Visual Studio Solution File, Format Version 12.00
# Visual Studio 15
VisualStudioVersion = 15.0.26730.15
MinimumVisualStudioVersion = 10.0.40219.1
Project("{FAE04EC0-301F-11D3-BF4B-00C04F79EFBC}") = "Lab7", "Lab7\Lab7.csproj", "{352A1EF5-FCF4-48C7-A796-5A1DD6FCF2EB}"
EndProject
Global
	GlobalSection(SolutionConfigurationPlatforms) = preSolution
		Debug|Any CPU = Debug|Any CPU
		Release|Any CPU = Release|Any CPU
	EndGlobalSection
	GlobalSection(ProjectConfigurationPlatforms) = postSolution
		{352A1EF5-FCF4-48C7-A796-5A1DD6FCF2EB}.Debug|Any CPU.ActiveCfg = Debug|Any CPU
		{352A1EF5-FCF4-48C7-A796-5A1DD6FCF2EB}.Debug|Any CPU.Build.0 = Debug|Any CPU
		{352A1EF5-FCF4-48C7-A796-5A1DD6FCF2EB}.Release|Any CPU.ActiveCfg = Release|Any CPU
		{352A1EF5-FCF4-48C7-A796-5A1DD6FCF2EB}.Release|Any CPU.Build.0 = Release|Any CPU
	EndGlobalSection
	GlobalSection(SolutionProperties) = preSolution
		HideSolutionNode = FALSE
	EndGlobalSection
	GlobalSection(ExtensibilityGlobals) = postSolution
		SolutionGuid = {94AC6BCE-164F-4261-B730-C43592F44E99}
	EndGlobalSection
EndGlobal
